// !$*UTF8*$!
{
	archiveVersion = 1;
	classes = {
	};
	objectVersion = 46;
	objects = {

/* Begin PBXBuildFile section */
		C18673441D02364D0028F091 /* COPPA.h in CopyFiles */ = {isa = PBXBuildFile; fileRef = C18673431D02364D0028F091 /* COPPA.h */; };
		C18673461D02364D0028F091 /* COPPA.m in Sources */ = {isa = PBXBuildFile; fileRef = C18673451D02364D0028F091 /* COPPA.m */; };
		C18673531D0236E30028F091 /* DateExtensionsTests.m in Sources */ = {isa = PBXBuildFile; fileRef = C18673521D0236E30028F091 /* DateExtensionsTests.m */; };
		C18673551D0236E30028F091 /* libCOPPA.a in Frameworks */ = {isa = PBXBuildFile; fileRef = C18673401D02364D0028F091 /* libCOPPA.a */; };
		C1A3A3561D05F29600457BD4 /* NSDate_COPPAExtensions.m in Sources */ = {isa = PBXBuildFile; fileRef = C1A3A3551D05F29600457BD4 /* NSDate_COPPAExtensions.m */; };
		C1A3A3581D05F95C00457BD4 /* COPPAAgeTests.m in Sources */ = {isa = PBXBuildFile; fileRef = C1A3A3571D05F95C00457BD4 /* COPPAAgeTests.m */; };
		C1A3A35A1D05FF2D00457BD4 /* TestUtils.m in Sources */ = {isa = PBXBuildFile; fileRef = C1A3A3591D05FF2D00457BD4 /* TestUtils.m */; };
		C1A3A35C1D0611A500457BD4 /* NSDate_COPPAExtensions.m in Sources */ = {isa = PBXBuildFile; fileRef = C1A3A3551D05F29600457BD4 /* NSDate_COPPAExtensions.m */; };
		C1A3A35D1D0611EC00457BD4 /* COPPA.m in Sources */ = {isa = PBXBuildFile; fileRef = C18673451D02364D0028F091 /* COPPA.m */; };
/* End PBXBuildFile section */

/* Begin PBXContainerItemProxy section */
		C18673561D0236E30028F091 /* PBXContainerItemProxy */ = {
			isa = PBXContainerItemProxy;
			containerPortal = C18673381D02364D0028F091 /* Project object */;
			proxyType = 1;
			remoteGlobalIDString = C186733F1D02364D0028F091;
			remoteInfo = COPPA;
		};
/* End PBXContainerItemProxy section */

/* Begin PBXCopyFilesBuildPhase section */
		C186733E1D02364D0028F091 /* CopyFiles */ = {
			isa = PBXCopyFilesBuildPhase;
			buildActionMask = 2147483647;
			dstPath = "include/$(PRODUCT_NAME)";
			dstSubfolderSpec = 16;
			files = (
				C18673441D02364D0028F091 /* COPPA.h in CopyFiles */,
			);
			runOnlyForDeploymentPostprocessing = 0;
		};
/* End PBXCopyFilesBuildPhase section */

/* Begin PBXFileReference section */
		C18673401D02364D0028F091 /* libCOPPA.a */ = {isa = PBXFileReference; explicitFileType = archive.ar; includeInIndex = 0; path = libCOPPA.a; sourceTree = BUILT_PRODUCTS_DIR; };
		C18673431D02364D0028F091 /* COPPA.h */ = {isa = PBXFileReference; lastKnownFileType = sourcecode.c.h; path = COPPA.h; sourceTree = "<group>"; };
		C18673451D02364D0028F091 /* COPPA.m */ = {isa = PBXFileReference; lastKnownFileType = sourcecode.c.objc; path = COPPA.m; sourceTree = "<group>"; };
		C18673501D0236E30028F091 /* Tests.xctest */ = {isa = PBXFileReference; explicitFileType = wrapper.cfbundle; includeInIndex = 0; path = Tests.xctest; sourceTree = BUILT_PRODUCTS_DIR; };
		C18673521D0236E30028F091 /* DateExtensionsTests.m */ = {isa = PBXFileReference; lastKnownFileType = sourcecode.c.objc; path = DateExtensionsTests.m; sourceTree = "<group>"; };
		C18673541D0236E30028F091 /* Info.plist */ = {isa = PBXFileReference; lastKnownFileType = text.plist.xml; path = Info.plist; sourceTree = "<group>"; };
		C1A3A3541D05F11400457BD4 /* NSDate_COPPAExtensions.h */ = {isa = PBXFileReference; fileEncoding = 4; lastKnownFileType = sourcecode.c.h; path = NSDate_COPPAExtensions.h; sourceTree = "<group>"; };
		C1A3A3551D05F29600457BD4 /* NSDate_COPPAExtensions.m */ = {isa = PBXFileReference; fileEncoding = 4; lastKnownFileType = sourcecode.c.objc; path = NSDate_COPPAExtensions.m; sourceTree = "<group>"; };
		C1A3A3571D05F95C00457BD4 /* COPPAAgeTests.m */ = {isa = PBXFileReference; fileEncoding = 4; lastKnownFileType = sourcecode.c.objc; path = COPPAAgeTests.m; sourceTree = "<group>"; };
		C1A3A3591D05FF2D00457BD4 /* TestUtils.m */ = {isa = PBXFileReference; fileEncoding = 4; lastKnownFileType = sourcecode.c.objc; path = TestUtils.m; sourceTree = "<group>"; };
		C1A3A35B1D05FFBA00457BD4 /* TestUtils.h */ = {isa = PBXFileReference; fileEncoding = 4; lastKnownFileType = sourcecode.c.h; path = TestUtils.h; sourceTree = "<group>"; };
/* End PBXFileReference section */

/* Begin PBXFrameworksBuildPhase section */
		C186733D1D02364D0028F091 /* Frameworks */ = {
			isa = PBXFrameworksBuildPhase;
			buildActionMask = 2147483647;
			files = (
			);
			runOnlyForDeploymentPostprocessing = 0;
		};
		C186734D1D0236E30028F091 /* Frameworks */ = {
			isa = PBXFrameworksBuildPhase;
			buildActionMask = 2147483647;
			files = (
				C18673551D0236E30028F091 /* libCOPPA.a in Frameworks */,
			);
			runOnlyForDeploymentPostprocessing = 0;
		};
/* End PBXFrameworksBuildPhase section */

/* Begin PBXGroup section */
		C18673371D02364D0028F091 = {
			isa = PBXGroup;
			children = (
				C18673421D02364D0028F091 /* COPPA */,
				C18673511D0236E30028F091 /* Tests */,
				C18673411D02364D0028F091 /* Products */,
			);
			sourceTree = "<group>";
		};
		C18673411D02364D0028F091 /* Products */ = {
			isa = PBXGroup;
			children = (
				C18673401D02364D0028F091 /* libCOPPA.a */,
				C18673501D0236E30028F091 /* Tests.xctest */,
			);
			name = Products;
			sourceTree = "<group>";
		};
		C18673421D02364D0028F091 /* COPPA */ = {
			isa = PBXGroup;
			children = (
				C18673431D02364D0028F091 /* COPPA.h */,
				C18673451D02364D0028F091 /* COPPA.m */,
				C1A3A3541D05F11400457BD4 /* NSDate_COPPAExtensions.h */,
				C1A3A3551D05F29600457BD4 /* NSDate_COPPAExtensions.m */,
			);
			path = COPPA;
			sourceTree = "<group>";
		};
		C18673511D0236E30028F091 /* Tests */ = {
			isa = PBXGroup;
			children = (
				C1A3A35B1D05FFBA00457BD4 /* TestUtils.h */,
				C1A3A3571D05F95C00457BD4 /* COPPAAgeTests.m */,
				C18673521D0236E30028F091 /* DateExtensionsTests.m */,
				C18673541D0236E30028F091 /* Info.plist */,
				C1A3A3591D05FF2D00457BD4 /* TestUtils.m */,
			);
			path = Tests;
			sourceTree = "<group>";
		};
/* End PBXGroup section */

/* Begin PBXNativeTarget section */
		C186733F1D02364D0028F091 /* COPPA */ = {
			isa = PBXNativeTarget;
			buildConfigurationList = C18673491D02364D0028F091 /* Build configuration list for PBXNativeTarget "COPPA" */;
			buildPhases = (
				C186733C1D02364D0028F091 /* Sources */,
				C186733D1D02364D0028F091 /* Frameworks */,
				C186733E1D02364D0028F091 /* CopyFiles */,
			);
			buildRules = (
			);
			dependencies = (
			);
			name = COPPA;
			productName = COPPA;
			productReference = C18673401D02364D0028F091 /* libCOPPA.a */;
			productType = "com.apple.product-type.library.static";
		};
		C186734F1D0236E30028F091 /* Tests */ = {
			isa = PBXNativeTarget;
			buildConfigurationList = C18673581D0236E30028F091 /* Build configuration list for PBXNativeTarget "Tests" */;
			buildPhases = (
				C186734C1D0236E30028F091 /* Sources */,
				C186734D1D0236E30028F091 /* Frameworks */,
				C186734E1D0236E30028F091 /* Resources */,
			);
			buildRules = (
			);
			dependencies = (
				C18673571D0236E30028F091 /* PBXTargetDependency */,
			);
			name = Tests;
			productName = Tests;
			productReference = C18673501D0236E30028F091 /* Tests.xctest */;
			productType = "com.apple.product-type.bundle.unit-test";
		};
/* End PBXNativeTarget section */

/* Begin PBXProject section */
		C18673381D02364D0028F091 /* Project object */ = {
			isa = PBXProject;
			attributes = {
				LastUpgradeCheck = 0710;
				ORGANIZATIONNAME = just10;
				TargetAttributes = {
					C186733F1D02364D0028F091 = {
						CreatedOnToolsVersion = 7.1.1;
					};
					C186734F1D0236E30028F091 = {
						CreatedOnToolsVersion = 7.1.1;
					};
				};
			};
			buildConfigurationList = C186733B1D02364D0028F091 /* Build configuration list for PBXProject "COPPA" */;
			compatibilityVersion = "Xcode 3.2";
			developmentRegion = English;
			hasScannedForEncodings = 0;
			knownRegions = (
				en,
			);
			mainGroup = C18673371D02364D0028F091;
			productRefGroup = C18673411D02364D0028F091 /* Products */;
			projectDirPath = "";
			projectRoot = "";
			targets = (
				C186733F1D02364D0028F091 /* COPPA */,
				C186734F1D0236E30028F091 /* Tests */,
			);
		};
/* End PBXProject section */

/* Begin PBXResourcesBuildPhase section */
		C186734E1D0236E30028F091 /* Resources */ = {
			isa = PBXResourcesBuildPhase;
			buildActionMask = 2147483647;
			files = (
			);
			runOnlyForDeploymentPostprocessing = 0;
		};
/* End PBXResourcesBuildPhase section */

/* Begin PBXSourcesBuildPhase section */
		C186733C1D02364D0028F091 /* Sources */ = {
			isa = PBXSourcesBuildPhase;
			buildActionMask = 2147483647;
			files = (
				C1A3A3561D05F29600457BD4 /* NSDate_COPPAExtensions.m in Sources */,
				C18673461D02364D0028F091 /* COPPA.m in Sources */,
			);
			runOnlyForDeploymentPostprocessing = 0;
		};
		C186734C1D0236E30028F091 /* Sources */ = {
			isa = PBXSourcesBuildPhase;
			buildActionMask = 2147483647;
			files = (
				C1A3A35C1D0611A500457BD4 /* NSDate_COPPAExtensions.m in Sources */,
				C18673531D0236E30028F091 /* DateExtensionsTests.m in Sources */,
				C1A3A3581D05F95C00457BD4 /* COPPAAgeTests.m in Sources */,
				C1A3A35D1D0611EC00457BD4 /* COPPA.m in Sources */,
				C1A3A35A1D05FF2D00457BD4 /* TestUtils.m in Sources */,
			);
			runOnlyForDeploymentPostprocessing = 0;
		};
/* End PBXSourcesBuildPhase section */

/* Begin PBXTargetDependency section */
		C18673571D0236E30028F091 /* PBXTargetDependency */ = {
			isa = PBXTargetDependency;
			target = C186733F1D02364D0028F091 /* COPPA */;
			targetProxy = C18673561D0236E30028F091 /* PBXContainerItemProxy */;
		};
/* End PBXTargetDependency section */

/* Begin XCBuildConfiguration section */
		C18673471D02364D0028F091 /* Debug */ = {
			isa = XCBuildConfiguration;
			buildSettings = {
				ALWAYS_SEARCH_USER_PATHS = NO;
				CLANG_CXX_LANGUAGE_STANDARD = "gnu++0x";
				CLANG_CXX_LIBRARY = "libc++";
				CLANG_ENABLE_MODULES = YES;
				CLANG_ENABLE_OBJC_ARC = YES;
				CLANG_WARN_BOOL_CONVERSION = YES;
				CLANG_WARN_CONSTANT_CONVERSION = YES;
				CLANG_WARN_DIRECT_OBJC_ISA_USAGE = YES_ERROR;
				CLANG_WARN_EMPTY_BODY = YES;
				CLANG_WARN_ENUM_CONVERSION = YES;
				CLANG_WARN_INT_CONVERSION = YES;
				CLANG_WARN_OBJC_ROOT_CLASS = YES_ERROR;
				CLANG_WARN_UNREACHABLE_CODE = YES;
				CLANG_WARN__DUPLICATE_METHOD_MATCH = YES;
				"CODE_SIGN_IDENTITY[sdk=iphoneos*]" = "iPhone Developer";
				COPY_PHASE_STRIP = NO;
				DEBUG_INFORMATION_FORMAT = dwarf;
				ENABLE_STRICT_OBJC_MSGSEND = YES;
				ENABLE_TESTABILITY = YES;
				GCC_C_LANGUAGE_STANDARD = gnu99;
				GCC_DYNAMIC_NO_PIC = NO;
				GCC_NO_COMMON_BLOCKS = YES;
				GCC_OPTIMIZATION_LEVEL = 0;
				GCC_PREPROCESSOR_DEFINITIONS = (
					"DEBUG=1",
					"$(inherited)",
				);
				GCC_WARN_64_TO_32_BIT_CONVERSION = YES;
				GCC_WARN_ABOUT_RETURN_TYPE = YES_ERROR;
				GCC_WARN_UNDECLARED_SELECTOR = YES;
				GCC_WARN_UNINITIALIZED_AUTOS = YES_AGGRESSIVE;
				GCC_WARN_UNUSED_FUNCTION = YES;
				GCC_WARN_UNUSED_VARIABLE = YES;
				IPHONEOS_DEPLOYMENT_TARGET = 9.1;
				MTL_ENABLE_DEBUG_INFO = YES;
				ONLY_ACTIVE_ARCH = YES;
				SDKROOT = iphoneos;
			};
			name = Debug;
		};
		C18673481D02364D0028F091 /* Release */ = {
			isa = XCBuildConfiguration;
			buildSettings = {
				ALWAYS_SEARCH_USER_PATHS = NO;
				CLANG_CXX_LANGUAGE_STANDARD = "gnu++0x";
				CLANG_CXX_LIBRARY = "libc++";
				CLANG_ENABLE_MODULES = YES;
				CLANG_ENABLE_OBJC_ARC = YES;
				CLANG_WARN_BOOL_CONVERSION = YES;
				CLANG_WARN_CONSTANT_CONVERSION = YES;
				CLANG_WARN_DIRECT_OBJC_ISA_USAGE = YES_ERROR;
				CLANG_WARN_EMPTY_BODY = YES;
				CLANG_WARN_ENUM_CONVERSION = YES;
				CLANG_WARN_INT_CONVERSION = YES;
				CLANG_WARN_OBJC_ROOT_CLASS = YES_ERROR;
				CLANG_WARN_UNREACHABLE_CODE = YES;
				CLANG_WARN__DUPLICATE_METHOD_MATCH = YES;
				"CODE_SIGN_IDENTITY[sdk=iphoneos*]" = "iPhone Developer";
				COPY_PHASE_STRIP = NO;
				DEBUG_INFORMATION_FORMAT = "dwarf-with-dsym";
				ENABLE_NS_ASSERTIONS = NO;
				ENABLE_STRICT_OBJC_MSGSEND = YES;
				GCC_C_LANGUAGE_STANDARD = gnu99;
				GCC_NO_COMMON_BLOCKS = YES;
				GCC_WARN_64_TO_32_BIT_CONVERSION = YES;
				GCC_WARN_ABOUT_RETURN_TYPE = YES_ERROR;
				GCC_WARN_UNDECLARED_SELECTOR = YES;
				GCC_WARN_UNINITIALIZED_AUTOS = YES_AGGRESSIVE;
				GCC_WARN_UNUSED_FUNCTION = YES;
				GCC_WARN_UNUSED_VARIABLE = YES;
				IPHONEOS_DEPLOYMENT_TARGET = 9.1;
				MTL_ENABLE_DEBUG_INFO = NO;
				SDKROOT = iphoneos;
				VALIDATE_PRODUCT = YES;
			};
			name = Release;
		};
		C186734A1D02364D0028F091 /* Debug */ = {
			isa = XCBuildConfiguration;
			buildSettings = {
				OTHER_LDFLAGS = "-ObjC";
				PRODUCT_NAME = "$(TARGET_NAME)";
				SKIP_INSTALL = YES;
			};
			name = Debug;
		};
		C186734B1D02364D0028F091 /* Release */ = {
			isa = XCBuildConfiguration;
			buildSettings = {
				OTHER_LDFLAGS = "-ObjC";
				PRODUCT_NAME = "$(TARGET_NAME)";
				SKIP_INSTALL = YES;
			};
			name = Release;
		};
		C18673591D0236E30028F091 /* Debug */ = {
			isa = XCBuildConfiguration;
			buildSettings = {
				INFOPLIST_FILE = Tests/Info.plist;
				LD_RUNPATH_SEARCH_PATHS = "$(inherited) @executable_path/Frameworks @loader_path/Frameworks";
				PRODUCT_BUNDLE_IDENTIFIER = com.just10.Tests;
				PRODUCT_NAME = "$(TARGET_NAME)";
			};
			name = Debug;
		};
		C186735A1D0236E30028F091 /* Release */ = {
			isa = XCBuildConfiguration;
			buildSettings = {
				INFOPLIST_FILE = Tests/Info.plist;
				LD_RUNPATH_SEARCH_PATHS = "$(inherited) @executable_path/Frameworks @loader_path/Frameworks";
				PRODUCT_BUNDLE_IDENTIFIER = com.just10.Tests;
				PRODUCT_NAME = "$(TARGET_NAME)";
			};
			name = Release;
		};
/* End XCBuildConfiguration section */

/* Begin XCConfigurationList section */
		C186733B1D02364D0028F091 /* Build configuration list for PBXProject "COPPA" */ = {
			isa = XCConfigurationList;
			buildConfigurations = (
				C18673471D02364D0028F091 /* Debug */,
				C18673481D02364D0028F091 /* Release */,
			);
			defaultConfigurationIsVisible = 0;
			defaultConfigurationName = Release;
		};
		C18673491D02364D0028F091 /* Build configuration list for PBXNativeTarget "COPPA" */ = {
			isa = XCConfigurationList;
			buildConfigurations = (
				C186734A1D02364D0028F091 /* Debug */,
				C186734B1D02364D0028F091 /* Release */,
			);
			defaultConfigurationIsVisible = 0;
			defaultConfigurationName = Release;
		};
		C18673581D0236E30028F091 /* Build configuration list for PBXNativeTarget "Tests" */ = {
			isa = XCConfigurationList;
			buildConfigurations = (
				C18673591D0236E30028F091 /* Debug */,
				C186735A1D0236E30028F091 /* Release */,
			);
			defaultConfigurationIsVisible = 0;
			defaultConfigurationName = Release;
		};
/* End XCConfigurationList section */
	};
	rootObject = C18673381D02364D0028F091 /* Project object */;
}
